
Microsoft Visual Studio Solution File, Format Version 12.00
# Visual Studio 15
VisualStudioVersion = 15.0.26228.4
MinimumVisualStudioVersion = 10.0.40219.1
Project("{FAE04EC0-301F-11D3-BF4B-00C04F79EFBC}") = "MFS", "DXApplication1\MFS.csproj", "{791E2A48-A4E5-4ED6-8FC6-500EF53D6898}"
EndProject
Global
	GlobalSection(SolutionConfigurationPlatforms) = preSolution
		Debug|Any CPU = Debug|Any CPU
		Debug|x64 = Debug|x64
		Release|Any CPU = Release|Any CPU
		Release|x64 = Release|x64
	EndGlobalSection
	GlobalSection(ProjectConfigurationPlatforms) = postSolution
		{791E2A48-A4E5-4ED6-8FC6-500EF53D6898}.Debug|Any CPU.ActiveCfg = Debug|Any CPU
		{791E2A48-A4E5-4ED6-8FC6-500EF53D6898}.Debug|Any CPU.Build.0 = Debug|Any CPU
		{791E2A48-A4E5-4ED6-8FC6-500EF53D6898}.Debug|x64.ActiveCfg = Debug|x64
		{791E2A48-A4E5-4ED6-8FC6-500EF53D6898}.Debug|x64.Build.0 = Debug|x64
		{791E2A48-A4E5-4ED6-8FC6-500EF53D6898}.Release|Any CPU.ActiveCfg = Release|Any CPU
		{791E2A48-A4E5-4ED6-8FC6-500EF53D6898}.Release|Any CPU.Build.0 = Release|Any CPU
		{791E2A48-A4E5-4ED6-8FC6-500EF53D6898}.Release|x64.ActiveCfg = Release|x64
		{791E2A48-A4E5-4ED6-8FC6-500EF53D6898}.Release|x64.Build.0 = Release|x64
	EndGlobalSection
	GlobalSection(SolutionProperties) = preSolution
		HideSolutionNode = FALSE
	EndGlobalSection
EndGlobal
